# This file is autogenerated, do not edit; changes may be undone by the next 'dep ensure'.


[[projects]]
  branch = "master"
  name = "github.com/alecthomas/log4go"
  packages = ["."]
  revision = "18d87da5025a6e8bd58dede5ecffe3f62115bc4f"

[[projects]]
  branch = "master"
  name = "github.com/elazarl/go-bindata-assetfs"
  packages = ["."]
  revision = "30f82fa23fd844bd5bb1e5f216db87fd77b5eb43"

[[projects]]
  name = "github.com/tyranron/daemonigo"
  packages = ["."]
  revision = "d1b05b022d4aefbb5992663aef3c2de1db7034dc"
  version = "v0.3.1"

[solve-meta]
  analyzer-name = "dep"
  analyzer-version = 1
  inputs-digest = "7da04c32e3ba90a94ee634220f2be32e9ab9518733bfa0f858a7fb39778009d5"
  solver-name = "gps-cdcl"
  solver-version = 1
